
Microsoft Visual Studio Solution File, Format Version 12.00
# Visual Studio 14
VisualStudioVersion = 14.0.25420.1
MinimumVisualStudioVersion = 10.0.40219.1
Project("{FAE04EC0-301F-11D3-BF4B-00C04F79EFBC}") = "KuaiDi", "KuaiDi\KuaiDi.csproj", "{23C2CC9A-62FE-4B5A-AC3A-7997899C6DCA}"
EndProject
Project("{FAE04EC0-301F-11D3-BF4B-00C04F79EFBC}") = "KuaiDiBg", "KuaiDiBg\KuaiDiBg.csproj", "{FD170BF8-087C-4E0E-8C71-1A173C4C430F}"
EndProject
Global
	GlobalSection(SolutionConfigurationPlatforms) = preSolution
		Debug|Any CPU = Debug|Any CPU
		Debug|ARM = Debug|ARM
		Debug|x64 = Debug|x64
		Debug|x86 = Debug|x86
		Release|Any CPU = Release|Any CPU
		Release|ARM = Release|ARM
		Release|x64 = Release|x64
		Release|x86 = Release|x86
	EndGlobalSection
	GlobalSection(ProjectConfigurationPlatforms) = postSolution
		{23C2CC9A-62FE-4B5A-AC3A-7997899C6DCA}.Debug|Any CPU.ActiveCfg = Debug|x86
		{23C2CC9A-62FE-4B5A-AC3A-7997899C6DCA}.Debug|ARM.ActiveCfg = Debug|ARM
		{23C2CC9A-62FE-4B5A-AC3A-7997899C6DCA}.Debug|ARM.Build.0 = Debug|ARM
		{23C2CC9A-62FE-4B5A-AC3A-7997899C6DCA}.Debug|ARM.Deploy.0 = Debug|ARM
		{23C2CC9A-62FE-4B5A-AC3A-7997899C6DCA}.Debug|x64.ActiveCfg = Debug|x64
		{23C2CC9A-62FE-4B5A-AC3A-7997899C6DCA}.Debug|x64.Build.0 = Debug|x64
		{23C2CC9A-62FE-4B5A-AC3A-7997899C6DCA}.Debug|x64.Deploy.0 = Debug|x64
		{23C2CC9A-62FE-4B5A-AC3A-7997899C6DCA}.Debug|x86.ActiveCfg = Debug|x86
		{23C2CC9A-62FE-4B5A-AC3A-7997899C6DCA}.Debug|x86.Build.0 = Debug|x86
		{23C2CC9A-62FE-4B5A-AC3A-7997899C6DCA}.Debug|x86.Deploy.0 = Debug|x86
		{23C2CC9A-62FE-4B5A-AC3A-7997899C6DCA}.Release|Any CPU.ActiveCfg = Release|x86
		{23C2CC9A-62FE-4B5A-AC3A-7997899C6DCA}.Release|ARM.ActiveCfg = Release|ARM
		{23C2CC9A-62FE-4B5A-AC3A-7997899C6DCA}.Release|ARM.Build.0 = Release|ARM
		{23C2CC9A-62FE-4B5A-AC3A-7997899C6DCA}.Release|ARM.Deploy.0 = Release|ARM
		{23C2CC9A-62FE-4B5A-AC3A-7997899C6DCA}.Release|x64.ActiveCfg = Release|x64
		{23C2CC9A-62FE-4B5A-AC3A-7997899C6DCA}.Release|x64.Build.0 = Release|x64
		{23C2CC9A-62FE-4B5A-AC3A-7997899C6DCA}.Release|x64.Deploy.0 = Release|x64
		{23C2CC9A-62FE-4B5A-AC3A-7997899C6DCA}.Release|x86.ActiveCfg = Release|x86
		{23C2CC9A-62FE-4B5A-AC3A-7997899C6DCA}.Release|x86.Build.0 = Release|x86
		{23C2CC9A-62FE-4B5A-AC3A-7997899C6DCA}.Release|x86.Deploy.0 = Release|x86
		{FD170BF8-087C-4E0E-8C71-1A173C4C430F}.Debug|Any CPU.ActiveCfg = Debug|Any CPU
		{FD170BF8-087C-4E0E-8C71-1A173C4C430F}.Debug|Any CPU.Build.0 = Debug|Any CPU
		{FD170BF8-087C-4E0E-8C71-1A173C4C430F}.Debug|ARM.ActiveCfg = Debug|ARM
		{FD170BF8-087C-4E0E-8C71-1A173C4C430F}.Debug|ARM.Build.0 = Debug|ARM
		{FD170BF8-087C-4E0E-8C71-1A173C4C430F}.Debug|x64.ActiveCfg = Debug|x64
		{FD170BF8-087C-4E0E-8C71-1A173C4C430F}.Debug|x64.Build.0 = Debug|x64
		{FD170BF8-087C-4E0E-8C71-1A173C4C430F}.Debug|x86.ActiveCfg = Debug|x86
		{FD170BF8-087C-4E0E-8C71-1A173C4C430F}.Debug|x86.Build.0 = Debug|x86
		{FD170BF8-087C-4E0E-8C71-1A173C4C430F}.Release|Any CPU.ActiveCfg = Release|Any CPU
		{FD170BF8-087C-4E0E-8C71-1A173C4C430F}.Release|Any CPU.Build.0 = Release|Any CPU
		{FD170BF8-087C-4E0E-8C71-1A173C4C430F}.Release|ARM.ActiveCfg = Release|ARM
		{FD170BF8-087C-4E0E-8C71-1A173C4C430F}.Release|ARM.Build.0 = Release|ARM
		{FD170BF8-087C-4E0E-8C71-1A173C4C430F}.Release|x64.ActiveCfg = Release|x64
		{FD170BF8-087C-4E0E-8C71-1A173C4C430F}.Release|x64.Build.0 = Release|x64
		{FD170BF8-087C-4E0E-8C71-1A173C4C430F}.Release|x86.ActiveCfg = Release|x86
		{FD170BF8-087C-4E0E-8C71-1A173C4C430F}.Release|x86.Build.0 = Release|x86
	EndGlobalSection
	GlobalSection(SolutionProperties) = preSolution
		HideSolutionNode = FALSE
	EndGlobalSection
EndGlobal
